
Microsoft Visual Studio Solution File, Format Version 12.00
# Visual Studio 2015
Project("{FAE04EC0-301F-11D3-BF4B-00C04F79EFBC}") = "SchoolOfFish.CSharp.Plugins", "SchoolOfFish.CSharp.Plugins.csproj", "{08CD8861-C9C2-A1BD-7FFB-E6B9009C0B13}"
EndProject
Project("{FAE04EC0-301F-11D3-BF4B-00C04F79EFBC}") = "SchoolOfFish.CSharp", "SchoolOfFish.CSharp.csproj", "{7451C967-5080-56C1-9BBF-7FE5F1B1718B}"
EndProject
Project("{FAE04EC0-301F-11D3-BF4B-00C04F79EFBC}") = "SchoolOfFish.CSharp.Editor", "SchoolOfFish.CSharp.Editor.csproj", "{855C40F5-A5BC-CD74-B0EA-96D1F50E618C}"
EndProject
Global
	GlobalSection(SolutionConfigurationPlatforms) = preSolution
		Debug|Any CPU = Debug|Any CPU
		Release|Any CPU = Release|Any CPU
	EndGlobalSection
	GlobalSection(ProjectConfigurationPlatforms) = postSolution
		{08CD8861-C9C2-A1BD-7FFB-E6B9009C0B13}.Debug|Any CPU.ActiveCfg = Debug|Any CPU
		{08CD8861-C9C2-A1BD-7FFB-E6B9009C0B13}.Debug|Any CPU.Build.0 = Debug|Any CPU
		{08CD8861-C9C2-A1BD-7FFB-E6B9009C0B13}.Release|Any CPU.ActiveCfg = Release|Any CPU
		{08CD8861-C9C2-A1BD-7FFB-E6B9009C0B13}.Release|Any CPU.Build.0 = Release|Any CPU
		{7451C967-5080-56C1-9BBF-7FE5F1B1718B}.Debug|Any CPU.ActiveCfg = Debug|Any CPU
		{7451C967-5080-56C1-9BBF-7FE5F1B1718B}.Debug|Any CPU.Build.0 = Debug|Any CPU
		{7451C967-5080-56C1-9BBF-7FE5F1B1718B}.Release|Any CPU.ActiveCfg = Release|Any CPU
		{7451C967-5080-56C1-9BBF-7FE5F1B1718B}.Release|Any CPU.Build.0 = Release|Any CPU
		{855C40F5-A5BC-CD74-B0EA-96D1F50E618C}.Debug|Any CPU.ActiveCfg = Debug|Any CPU
		{855C40F5-A5BC-CD74-B0EA-96D1F50E618C}.Debug|Any CPU.Build.0 = Debug|Any CPU
		{855C40F5-A5BC-CD74-B0EA-96D1F50E618C}.Release|Any CPU.ActiveCfg = Release|Any CPU
		{855C40F5-A5BC-CD74-B0EA-96D1F50E618C}.Release|Any CPU.Build.0 = Release|Any CPU
	EndGlobalSection
	GlobalSection(SolutionProperties) = preSolution
		HideSolutionNode = FALSE
	EndGlobalSection
EndGlobal
